
Microsoft Visual Studio Solution File, Format Version 12.00
# Visual Studio Version 17
VisualStudioVersion = 17.7.34202.233
MinimumVisualStudioVersion = 10.0.40219.1
Project("{FAE04EC0-301F-11D3-BF4B-00C04F79EFBC}") = "WindowsFormsApp8", "WindowsFormsApp8\WindowsFormsApp8.csproj", "{5892072E-2269-4D12-9C8D-20BBCF5F261D}"
EndProject
Global
	GlobalSection(SolutionConfigurationPlatforms) = preSolution
		Debug|Any CPU = Debug|Any CPU
		Release|Any CPU = Release|Any CPU
	EndGlobalSection
	GlobalSection(ProjectConfigurationPlatforms) = postSolution
		{5892072E-2269-4D12-9C8D-20BBCF5F261D}.Debug|Any CPU.ActiveCfg = Debug|Any CPU
		{5892072E-2269-4D12-9C8D-20BBCF5F261D}.Debug|Any CPU.Build.0 = Debug|Any CPU
		{5892072E-2269-4D12-9C8D-20BBCF5F261D}.Release|Any CPU.ActiveCfg = Release|Any CPU
		{5892072E-2269-4D12-9C8D-20BBCF5F261D}.Release|Any CPU.Build.0 = Release|Any CPU
	EndGlobalSection
	GlobalSection(SolutionProperties) = preSolution
		HideSolutionNode = FALSE
	EndGlobalSection
	GlobalSection(ExtensibilityGlobals) = postSolution
		SolutionGuid = {D7D7E657-1D28-4330-92BF-7D2781E1C883}
	EndGlobalSection
EndGlobal
